{
  "name": "functions",
  "lockfileVersion": 3,
  "requires": true,
  "packages": {
    "": {
      "dependencies": {
        "functions": "file:.."
      }
    },
    "..": {
      "dependencies": {
        "@google-cloud/dialogflow": "^7.2.0",
        "bcryptjs": "^3.0.2",
        "compromise": "^14.10.0",
        "cors": "^2.8.5",
        "express": "^4.21.1",
        "firebase-admin": "^12.6.0",
        "firebase-functions": "^6.0.1",
        "ml-confusion-matrix": "^0.1.0",
        "ml-regression": "^6.0.1",
        "natural": "^6.10.0",
        "node-fetch": "^3.3.2",
        "nodemailer": "^7.0.6",
        "simple-statistics": "^7.8.3",
        "uuid": "^11.1.0"
      },
      "devDependencies": {
        "eslint": "^8.15.0",
        "eslint-config-google": "^0.14.0",
        "firebase-functions-test": "^3.1.0"
      },
      "engines": {
        "node": "22"
      }
    },
    "node_modules/functions": {
      "resolved": "..",
      "link": true
    }
  }
}
